// !$*UTF8*$!
{
	archiveVersion = 1;
	classes = {
	};
	objectVersion = 56;
	objects = {

/* Begin PBXBuildFile section */
		EBDB97C12934FEB8000683C1 /* AppDelegate.swift in Sources */ = {isa = PBXBuildFile; fileRef = EBDB97C02934FEB8000683C1 /* AppDelegate.swift */; };
		EBDB97C32934FEB8000683C1 /* SceneDelegate.swift in Sources */ = {isa = PBXBuildFile; fileRef = EBDB97C22934FEB8000683C1 /* SceneDelegate.swift */; };
		EBDB97C52934FEB8000683C1 /* RecipeViewController.swift in Sources */ = {isa = PBXBuildFile; fileRef = EBDB97C42934FEB8000683C1 /* RecipeViewController.swift */; };
		EBDB97CA2934FEB9000683C1 /* Assets.xcassets in Resources */ = {isa = PBXBuildFile; fileRef = EBDB97C92934FEB9000683C1 /* Assets.xcassets */; };
		EBDB97CD2934FEB9000683C1 /* LaunchScreen.storyboard in Resources */ = {isa = PBXBuildFile; fileRef = EBDB97CB2934FEB9000683C1 /* LaunchScreen.storyboard */; };
		EBDB97D9293501DB000683C1 /* MealClass.swift in Sources */ = {isa = PBXBuildFile; fileRef = EBDB97D8293501DB000683C1 /* MealClass.swift */; };
		EBDB97DB293501ED000683C1 /* DrinkClass.swift in Sources */ = {isa = PBXBuildFile; fileRef = EBDB97DA293501ED000683C1 /* DrinkClass.swift */; };
		EBDB97E229351AD0000683C1 /* RecipePresenter.swift in Sources */ = {isa = PBXBuildFile; fileRef = EBDB97E129351AD0000683C1 /* RecipePresenter.swift */; };
		EBDB97E529351C69000683C1 /* RecipeInteractor.swift in Sources */ = {isa = PBXBuildFile; fileRef = EBDB97E429351C69000683C1 /* RecipeInteractor.swift */; };
		EBDB97E729351C82000683C1 /* RecipeBuilder.swift in Sources */ = {isa = PBXBuildFile; fileRef = EBDB97E629351C82000683C1 /* RecipeBuilder.swift */; };
		EBDB97E929351C8A000683C1 /* RecipeRouter.swift in Sources */ = {isa = PBXBuildFile; fileRef = EBDB97E829351C8A000683C1 /* RecipeRouter.swift */; };
		EBDB97EB29376D26000683C1 /* MealController.swift in Sources */ = {isa = PBXBuildFile; fileRef = EBDB97EA29376D26000683C1 /* MealController.swift */; };
		EBDB97ED29376D45000683C1 /* TabBarController.swift in Sources */ = {isa = PBXBuildFile; fileRef = EBDB97EC29376D45000683C1 /* TabBarController.swift */; };
		EBDB97F129377364000683C1 /* UIColor.swift in Sources */ = {isa = PBXBuildFile; fileRef = EBDB97F029377364000683C1 /* UIColor.swift */; };
		EBDB97F329377398000683C1 /* Resources.swift in Sources */ = {isa = PBXBuildFile; fileRef = EBDB97F229377398000683C1 /* Resources.swift */; };
		EBDB981829378136000683C1 /* NavBarController.swift in Sources */ = {isa = PBXBuildFile; fileRef = EBDB981729378136000683C1 /* NavBarController.swift */; };
		EBDB981B29378844000683C1 /* BaseController.swift in Sources */ = {isa = PBXBuildFile; fileRef = EBDB981A29378844000683C1 /* BaseController.swift */; };
		EBDB981D293789AC000683C1 /* UIView.swift in Sources */ = {isa = PBXBuildFile; fileRef = EBDB981C293789AC000683C1 /* UIView.swift */; };
		EBDB982229378AF6000683C1 /* DrinkController.swift in Sources */ = {isa = PBXBuildFile; fileRef = EBDB982129378AF6000683C1 /* DrinkController.swift */; };
		EBDB982729378C6F000683C1 /* FavoritesController.swift in Sources */ = {isa = PBXBuildFile; fileRef = EBDB982629378C6F000683C1 /* FavoritesController.swift */; };
/* End PBXBuildFile section */

/* Begin PBXFileReference section */
		EBDB97BD2934FEB8000683C1 /* testSfera.app */ = {isa = PBXFileReference; explicitFileType = wrapper.application; includeInIndex = 0; path = testSfera.app; sourceTree = BUILT_PRODUCTS_DIR; };
		EBDB97C02934FEB8000683C1 /* AppDelegate.swift */ = {isa = PBXFileReference; lastKnownFileType = sourcecode.swift; path = AppDelegate.swift; sourceTree = "<group>"; };
		EBDB97C22934FEB8000683C1 /* SceneDelegate.swift */ = {isa = PBXFileReference; lastKnownFileType = sourcecode.swift; path = SceneDelegate.swift; sourceTree = "<group>"; };
		EBDB97C42934FEB8000683C1 /* RecipeViewController.swift */ = {isa = PBXFileReference; lastKnownFileType = sourcecode.swift; path = RecipeViewController.swift; sourceTree = "<group>"; };
		EBDB97C92934FEB9000683C1 /* Assets.xcassets */ = {isa = PBXFileReference; lastKnownFileType = folder.assetcatalog; path = Assets.xcassets; sourceTree = "<group>"; };
		EBDB97CC2934FEB9000683C1 /* Base */ = {isa = PBXFileReference; lastKnownFileType = file.storyboard; name = Base; path = Base.lproj/LaunchScreen.storyboard; sourceTree = "<group>"; };
		EBDB97CE2934FEB9000683C1 /* Info.plist */ = {isa = PBXFileReference; lastKnownFileType = text.plist.xml; path = Info.plist; sourceTree = "<group>"; };
		EBDB97D8293501DB000683C1 /* MealClass.swift */ = {isa = PBXFileReference; lastKnownFileType = sourcecode.swift; path = MealClass.swift; sourceTree = "<group>"; };
		EBDB97DA293501ED000683C1 /* DrinkClass.swift */ = {isa = PBXFileReference; lastKnownFileType = sourcecode.swift; path = DrinkClass.swift; sourceTree = "<group>"; };
		EBDB97E129351AD0000683C1 /* RecipePresenter.swift */ = {isa = PBXFileReference; lastKnownFileType = sourcecode.swift; path = RecipePresenter.swift; sourceTree = "<group>"; };
		EBDB97E429351C69000683C1 /* RecipeInteractor.swift */ = {isa = PBXFileReference; lastKnownFileType = sourcecode.swift; path = RecipeInteractor.swift; sourceTree = "<group>"; };
		EBDB97E629351C82000683C1 /* RecipeBuilder.swift */ = {isa = PBXFileReference; lastKnownFileType = sourcecode.swift; path = RecipeBuilder.swift; sourceTree = "<group>"; };
		EBDB97E829351C8A000683C1 /* RecipeRouter.swift */ = {isa = PBXFileReference; lastKnownFileType = sourcecode.swift; path = RecipeRouter.swift; sourceTree = "<group>"; };
		EBDB97EA29376D26000683C1 /* MealController.swift */ = {isa = PBXFileReference; lastKnownFileType = sourcecode.swift; path = MealController.swift; sourceTree = "<group>"; };
		EBDB97EC29376D45000683C1 /* TabBarController.swift */ = {isa = PBXFileReference; lastKnownFileType = sourcecode.swift; path = TabBarController.swift; sourceTree = "<group>"; };
		EBDB97F029377364000683C1 /* UIColor.swift */ = {isa = PBXFileReference; lastKnownFileType = sourcecode.swift; path = UIColor.swift; sourceTree = "<group>"; };
		EBDB97F229377398000683C1 /* Resources.swift */ = {isa = PBXFileReference; lastKnownFileType = sourcecode.swift; path = Resources.swift; sourceTree = "<group>"; };
		EBDB981729378136000683C1 /* NavBarController.swift */ = {isa = PBXFileReference; lastKnownFileType = sourcecode.swift; path = NavBarController.swift; sourceTree = "<group>"; };
		EBDB981A29378844000683C1 /* BaseController.swift */ = {isa = PBXFileReference; lastKnownFileType = sourcecode.swift; path = BaseController.swift; sourceTree = "<group>"; };
		EBDB981C293789AC000683C1 /* UIView.swift */ = {isa = PBXFileReference; lastKnownFileType = sourcecode.swift; path = UIView.swift; sourceTree = "<group>"; };
		EBDB982129378AF6000683C1 /* DrinkController.swift */ = {isa = PBXFileReference; lastKnownFileType = sourcecode.swift; path = DrinkController.swift; sourceTree = "<group>"; };
		EBDB982629378C6F000683C1 /* FavoritesController.swift */ = {isa = PBXFileReference; lastKnownFileType = sourcecode.swift; path = FavoritesController.swift; sourceTree = "<group>"; };
/* End PBXFileReference section */

/* Begin PBXFrameworksBuildPhase section */
		EBDB97BA2934FEB8000683C1 /* Frameworks */ = {
			isa = PBXFrameworksBuildPhase;
			buildActionMask = 2147483647;
			files = (
			);
			runOnlyForDeploymentPostprocessing = 0;
		};
/* End PBXFrameworksBuildPhase section */

/* Begin PBXGroup section */
		EBDB97B42934FEB7000683C1 = {
			isa = PBXGroup;
			children = (
				EBDB97BF2934FEB8000683C1 /* testSfera */,
				EBDB97BE2934FEB8000683C1 /* Products */,
			);
			sourceTree = "<group>";
		};
		EBDB97BE2934FEB8000683C1 /* Products */ = {
			isa = PBXGroup;
			children = (
				EBDB97BD2934FEB8000683C1 /* testSfera.app */,
			);
			name = Products;
			sourceTree = "<group>";
		};
		EBDB97BF2934FEB8000683C1 /* testSfera */ = {
			isa = PBXGroup;
			children = (
				EBDB981929378816000683C1 /* Controllers */,
				EBDB97EE29377288000683C1 /* Helpers */,
				EBDB9816293776B5000683C1 /* Classes */,
				EBDB97E0293519B4000683C1 /* API */,
				EBDB97DE293516CF000683C1 /* Application */,
				EBDB97DD293515E6000683C1 /* Recipes */,
				EBDB97DF2935170B000683C1 /* Resources */,
			);
			path = testSfera;
			sourceTree = "<group>";
		};
		EBDB97DD293515E6000683C1 /* Recipes */ = {
			isa = PBXGroup;
			children = (
				EBDB97C42934FEB8000683C1 /* RecipeViewController.swift */,
				EBDB97E129351AD0000683C1 /* RecipePresenter.swift */,
				EBDB97E429351C69000683C1 /* RecipeInteractor.swift */,
				EBDB97E629351C82000683C1 /* RecipeBuilder.swift */,
				EBDB97E829351C8A000683C1 /* RecipeRouter.swift */,
			);
			path = Recipes;
			sourceTree = "<group>";
		};
		EBDB97DE293516CF000683C1 /* Application */ = {
			isa = PBXGroup;
			children = (
				EBDB97C02934FEB8000683C1 /* AppDelegate.swift */,
				EBDB97C22934FEB8000683C1 /* SceneDelegate.swift */,
			);
			path = Application;
			sourceTree = "<group>";
		};
		EBDB97DF2935170B000683C1 /* Resources */ = {
			isa = PBXGroup;
			children = (
				EBDB97C92934FEB9000683C1 /* Assets.xcassets */,
				EBDB97CB2934FEB9000683C1 /* LaunchScreen.storyboard */,
				EBDB97CE2934FEB9000683C1 /* Info.plist */,
			);
			path = Resources;
			sourceTree = "<group>";
		};
		EBDB97E0293519B4000683C1 /* API */ = {
			isa = PBXGroup;
			children = (
			);
			path = API;
			sourceTree = "<group>";
		};
		EBDB97EE29377288000683C1 /* Helpers */ = {
			isa = PBXGroup;
			children = (
				EBDB97EF293772D0000683C1 /* Extensions */,
				EBDB97F229377398000683C1 /* Resources.swift */,
			);
			path = Helpers;
			sourceTree = "<group>";
		};
		EBDB97EF293772D0000683C1 /* Extensions */ = {
			isa = PBXGroup;
			children = (
				EBDB97F029377364000683C1 /* UIColor.swift */,
				EBDB981C293789AC000683C1 /* UIView.swift */,
			);
			path = Extensions;
			sourceTree = "<group>";
		};
		EBDB9816293776B5000683C1 /* Classes */ = {
			isa = PBXGroup;
			children = (
				EBDB97D8293501DB000683C1 /* MealClass.swift */,
				EBDB97DA293501ED000683C1 /* DrinkClass.swift */,
			);
			path = Classes;
			sourceTree = "<group>";
		};
		EBDB981929378816000683C1 /* Controllers */ = {
			isa = PBXGroup;
			children = (
				EBDB982529378C63000683C1 /* Favorites */,
				EBDB982029378ADA000683C1 /* Drink */,
				EBDB981F29378AD5000683C1 /* Meal */,
				EBDB981E29378AA6000683C1 /* Base */,
			);
			path = Controllers;
			sourceTree = "<group>";
		};
		EBDB981E29378AA6000683C1 /* Base */ = {
			isa = PBXGroup;
			children = (
				EBDB97EC29376D45000683C1 /* TabBarController.swift */,
				EBDB981729378136000683C1 /* NavBarController.swift */,
				EBDB981A29378844000683C1 /* BaseController.swift */,
			);
			path = Base;
			sourceTree = "<group>";
		};
		EBDB981F29378AD5000683C1 /* Meal */ = {
			isa = PBXGroup;
			children = (
				EBDB97EA29376D26000683C1 /* MealController.swift */,
			);
			path = Meal;
			sourceTree = "<group>";
		};
		EBDB982029378ADA000683C1 /* Drink */ = {
			isa = PBXGroup;
			children = (
				EBDB982129378AF6000683C1 /* DrinkController.swift */,
			);
			path = Drink;
			sourceTree = "<group>";
		};
		EBDB982529378C63000683C1 /* Favorites */ = {
			isa = PBXGroup;
			children = (
				EBDB982629378C6F000683C1 /* FavoritesController.swift */,
			);
			path = Favorites;
			sourceTree = "<group>";
		};
/* End PBXGroup section */

/* Begin PBXNativeTarget section */
		EBDB97BC2934FEB8000683C1 /* testSfera */ = {
			isa = PBXNativeTarget;
			buildConfigurationList = EBDB97D12934FEB9000683C1 /* Build configuration list for PBXNativeTarget "testSfera" */;
			buildPhases = (
				EBDB97B92934FEB8000683C1 /* Sources */,
				EBDB97BA2934FEB8000683C1 /* Frameworks */,
				EBDB97BB2934FEB8000683C1 /* Resources */,
			);
			buildRules = (
			);
			dependencies = (
			);
			name = testSfera;
			productName = testSfera;
			productReference = EBDB97BD2934FEB8000683C1 /* testSfera.app */;
			productType = "com.apple.product-type.application";
		};
/* End PBXNativeTarget section */

/* Begin PBXProject section */
		EBDB97B52934FEB7000683C1 /* Project object */ = {
			isa = PBXProject;
			attributes = {
				BuildIndependentTargetsInParallel = 1;
				LastSwiftUpdateCheck = 1410;
				LastUpgradeCheck = 1410;
				TargetAttributes = {
					EBDB97BC2934FEB8000683C1 = {
						CreatedOnToolsVersion = 14.1;
					};
				};
			};
			buildConfigurationList = EBDB97B82934FEB7000683C1 /* Build configuration list for PBXProject "testSfera" */;
			compatibilityVersion = "Xcode 14.0";
			developmentRegion = en;
			hasScannedForEncodings = 0;
			knownRegions = (
				en,
				Base,
			);
			mainGroup = EBDB97B42934FEB7000683C1;
			productRefGroup = EBDB97BE2934FEB8000683C1 /* Products */;
			projectDirPath = "";
			projectRoot = "";
			targets = (
				EBDB97BC2934FEB8000683C1 /* testSfera */,
			);
		};
/* End PBXProject section */

/* Begin PBXResourcesBuildPhase section */
		EBDB97BB2934FEB8000683C1 /* Resources */ = {
			isa = PBXResourcesBuildPhase;
			buildActionMask = 2147483647;
			files = (
				EBDB97CD2934FEB9000683C1 /* LaunchScreen.storyboard in Resources */,
				EBDB97CA2934FEB9000683C1 /* Assets.xcassets in Resources */,
			);
			runOnlyForDeploymentPostprocessing = 0;
		};
/* End PBXResourcesBuildPhase section */

/* Begin PBXSourcesBuildPhase section */
		EBDB97B92934FEB8000683C1 /* Sources */ = {
			isa = PBXSourcesBuildPhase;
			buildActionMask = 2147483647;
			files = (
				EBDB981D293789AC000683C1 /* UIView.swift in Sources */,
				EBDB97EB29376D26000683C1 /* MealController.swift in Sources */,
				EBDB97F129377364000683C1 /* UIColor.swift in Sources */,
				EBDB97C52934FEB8000683C1 /* RecipeViewController.swift in Sources */,
				EBDB981829378136000683C1 /* NavBarController.swift in Sources */,
				EBDB97ED29376D45000683C1 /* TabBarController.swift in Sources */,
				EBDB97C12934FEB8000683C1 /* AppDelegate.swift in Sources */,
				EBDB97E229351AD0000683C1 /* RecipePresenter.swift in Sources */,
				EBDB981B29378844000683C1 /* BaseController.swift in Sources */,
				EBDB97DB293501ED000683C1 /* DrinkClass.swift in Sources */,
				EBDB982229378AF6000683C1 /* DrinkController.swift in Sources */,
				EBDB982729378C6F000683C1 /* FavoritesController.swift in Sources */,
				EBDB97D9293501DB000683C1 /* MealClass.swift in Sources */,
				EBDB97E729351C82000683C1 /* RecipeBuilder.swift in Sources */,
				EBDB97E929351C8A000683C1 /* RecipeRouter.swift in Sources */,
				EBDB97E529351C69000683C1 /* RecipeInteractor.swift in Sources */,
				EBDB97C32934FEB8000683C1 /* SceneDelegate.swift in Sources */,
				EBDB97F329377398000683C1 /* Resources.swift in Sources */,
			);
			runOnlyForDeploymentPostprocessing = 0;
		};
/* End PBXSourcesBuildPhase section */

/* Begin PBXVariantGroup section */
		EBDB97CB2934FEB9000683C1 /* LaunchScreen.storyboard */ = {
			isa = PBXVariantGroup;
			children = (
				EBDB97CC2934FEB9000683C1 /* Base */,
			);
			name = LaunchScreen.storyboard;
			sourceTree = "<group>";
		};
/* End PBXVariantGroup section */

/* Begin XCBuildConfiguration section */
		EBDB97CF2934FEB9000683C1 /* Debug */ = {
			isa = XCBuildConfiguration;
			buildSettings = {
				ALWAYS_SEARCH_USER_PATHS = NO;
				CLANG_ANALYZER_NONNULL = YES;
				CLANG_ANALYZER_NUMBER_OBJECT_CONVERSION = YES_AGGRESSIVE;
				CLANG_CXX_LANGUAGE_STANDARD = "gnu++20";
				CLANG_ENABLE_MODULES = YES;
				CLANG_ENABLE_OBJC_ARC = YES;
				CLANG_ENABLE_OBJC_WEAK = YES;
				CLANG_WARN_BLOCK_CAPTURE_AUTORELEASING = YES;
				CLANG_WARN_BOOL_CONVERSION = YES;
				CLANG_WARN_COMMA = YES;
				CLANG_WARN_CONSTANT_CONVERSION = YES;
				CLANG_WARN_DEPRECATED_OBJC_IMPLEMENTATIONS = YES;
				CLANG_WARN_DIRECT_OBJC_ISA_USAGE = YES_ERROR;
				CLANG_WARN_DOCUMENTATION_COMMENTS = YES;
				CLANG_WARN_EMPTY_BODY = YES;
				CLANG_WARN_ENUM_CONVERSION = YES;
				CLANG_WARN_INFINITE_RECURSION = YES;
				CLANG_WARN_INT_CONVERSION = YES;
				CLANG_WARN_NON_LITERAL_NULL_CONVERSION = YES;
				CLANG_WARN_OBJC_IMPLICIT_RETAIN_SELF = YES;
				CLANG_WARN_OBJC_LITERAL_CONVERSION = YES;
				CLANG_WARN_OBJC_ROOT_CLASS = YES_ERROR;
				CLANG_WARN_QUOTED_INCLUDE_IN_FRAMEWORK_HEADER = YES;
				CLANG_WARN_RANGE_LOOP_ANALYSIS = YES;
				CLANG_WARN_STRICT_PROTOTYPES = YES;
				CLANG_WARN_SUSPICIOUS_MOVE = YES;
				CLANG_WARN_UNGUARDED_AVAILABILITY = YES_AGGRESSIVE;
				CLANG_WARN_UNREACHABLE_CODE = YES;
				CLANG_WARN__DUPLICATE_METHOD_MATCH = YES;
				COPY_PHASE_STRIP = NO;
				DEBUG_INFORMATION_FORMAT = dwarf;
				ENABLE_STRICT_OBJC_MSGSEND = YES;
				ENABLE_TESTABILITY = YES;
				GCC_C_LANGUAGE_STANDARD = gnu11;
				GCC_DYNAMIC_NO_PIC = NO;
				GCC_NO_COMMON_BLOCKS = YES;
				GCC_OPTIMIZATION_LEVEL = 0;
				GCC_PREPROCESSOR_DEFINITIONS = (
					"DEBUG=1",
					"$(inherited)",
				);
				GCC_WARN_64_TO_32_BIT_CONVERSION = YES;
				GCC_WARN_ABOUT_RETURN_TYPE = YES_ERROR;
				GCC_WARN_UNDECLARED_SELECTOR = YES;
				GCC_WARN_UNINITIALIZED_AUTOS = YES_AGGRESSIVE;
				GCC_WARN_UNUSED_FUNCTION = YES;
				GCC_WARN_UNUSED_VARIABLE = YES;
				IPHONEOS_DEPLOYMENT_TARGET = 16.1;
				MTL_ENABLE_DEBUG_INFO = INCLUDE_SOURCE;
				MTL_FAST_MATH = YES;
				ONLY_ACTIVE_ARCH = YES;
				SDKROOT = iphoneos;
				SWIFT_ACTIVE_COMPILATION_CONDITIONS = DEBUG;
				SWIFT_OPTIMIZATION_LEVEL = "-Onone";
			};
			name = Debug;
		};
		EBDB97D02934FEB9000683C1 /* Release */ = {
			isa = XCBuildConfiguration;
			buildSettings = {
				ALWAYS_SEARCH_USER_PATHS = NO;
				CLANG_ANALYZER_NONNULL = YES;
				CLANG_ANALYZER_NUMBER_OBJECT_CONVERSION = YES_AGGRESSIVE;
				CLANG_CXX_LANGUAGE_STANDARD = "gnu++20";
				CLANG_ENABLE_MODULES = YES;
				CLANG_ENABLE_OBJC_ARC = YES;
				CLANG_ENABLE_OBJC_WEAK = YES;
				CLANG_WARN_BLOCK_CAPTURE_AUTORELEASING = YES;
				CLANG_WARN_BOOL_CONVERSION = YES;
				CLANG_WARN_COMMA = YES;
				CLANG_WARN_CONSTANT_CONVERSION = YES;
				CLANG_WARN_DEPRECATED_OBJC_IMPLEMENTATIONS = YES;
				CLANG_WARN_DIRECT_OBJC_ISA_USAGE = YES_ERROR;
				CLANG_WARN_DOCUMENTATION_COMMENTS = YES;
				CLANG_WARN_EMPTY_BODY = YES;
				CLANG_WARN_ENUM_CONVERSION = YES;
				CLANG_WARN_INFINITE_RECURSION = YES;
				CLANG_WARN_INT_CONVERSION = YES;
				CLANG_WARN_NON_LITERAL_NULL_CONVERSION = YES;
				CLANG_WARN_OBJC_IMPLICIT_RETAIN_SELF = YES;
				CLANG_WARN_OBJC_LITERAL_CONVERSION = YES;
				CLANG_WARN_OBJC_ROOT_CLASS = YES_ERROR;
				CLANG_WARN_QUOTED_INCLUDE_IN_FRAMEWORK_HEADER = YES;
				CLANG_WARN_RANGE_LOOP_ANALYSIS = YES;
				CLANG_WARN_STRICT_PROTOTYPES = YES;
				CLANG_WARN_SUSPICIOUS_MOVE = YES;
				CLANG_WARN_UNGUARDED_AVAILABILITY = YES_AGGRESSIVE;
				CLANG_WARN_UNREACHABLE_CODE = YES;
				CLANG_WARN__DUPLICATE_METHOD_MATCH = YES;
				COPY_PHASE_STRIP = NO;
				DEBUG_INFORMATION_FORMAT = "dwarf-with-dsym";
				ENABLE_NS_ASSERTIONS = NO;
				ENABLE_STRICT_OBJC_MSGSEND = YES;
				GCC_C_LANGUAGE_STANDARD = gnu11;
				GCC_NO_COMMON_BLOCKS = YES;
				GCC_WARN_64_TO_32_BIT_CONVERSION = YES;
				GCC_WARN_ABOUT_RETURN_TYPE = YES_ERROR;
				GCC_WARN_UNDECLARED_SELECTOR = YES;
				GCC_WARN_UNINITIALIZED_AUTOS = YES_AGGRESSIVE;
				GCC_WARN_UNUSED_FUNCTION = YES;
				GCC_WARN_UNUSED_VARIABLE = YES;
				IPHONEOS_DEPLOYMENT_TARGET = 16.1;
				MTL_ENABLE_DEBUG_INFO = NO;
				MTL_FAST_MATH = YES;
				SDKROOT = iphoneos;
				SWIFT_COMPILATION_MODE = wholemodule;
				SWIFT_OPTIMIZATION_LEVEL = "-O";
				VALIDATE_PRODUCT = YES;
			};
			name = Release;
		};
		EBDB97D22934FEB9000683C1 /* Debug */ = {
			isa = XCBuildConfiguration;
			buildSettings = {
				ASSETCATALOG_COMPILER_APPICON_NAME = AppIcon;
				ASSETCATALOG_COMPILER_GLOBAL_ACCENT_COLOR_NAME = AccentColor;
				CODE_SIGN_STYLE = Automatic;
				CURRENT_PROJECT_VERSION = 1;
				DEVELOPMENT_TEAM = N64BNPUBV4;
				GENERATE_INFOPLIST_FILE = YES;
				INFOPLIST_FILE = testSfera/Resources/Info.plist;
				INFOPLIST_KEY_UIApplicationSupportsIndirectInputEvents = YES;
				INFOPLIST_KEY_UILaunchStoryboardName = LaunchScreen;
				INFOPLIST_KEY_UIMainStoryboardFile = "";
				INFOPLIST_KEY_UISupportedInterfaceOrientations = UIInterfaceOrientationPortrait;
				INFOPLIST_KEY_UISupportedInterfaceOrientations_iPad = "UIInterfaceOrientationLandscapeLeft UIInterfaceOrientationLandscapeRight UIInterfaceOrientationPortraitUpsideDown";
				IPHONEOS_DEPLOYMENT_TARGET = 13.0;
				LD_RUNPATH_SEARCH_PATHS = (
					"$(inherited)",
					"@executable_path/Frameworks",
				);
				MARKETING_VERSION = 1.0;
				PRODUCT_BUNDLE_IDENTIFIER = novex.testSfera;
				PRODUCT_NAME = "$(TARGET_NAME)";
				SUPPORTED_PLATFORMS = "iphoneos iphonesimulator";
				SUPPORTS_MACCATALYST = NO;
				SUPPORTS_MAC_DESIGNED_FOR_IPHONE_IPAD = NO;
				SWIFT_EMIT_LOC_STRINGS = YES;
				SWIFT_VERSION = 5.0;
				TARGETED_DEVICE_FAMILY = 1;
			};
			name = Debug;
		};
		EBDB97D32934FEB9000683C1 /* Release */ = {
			isa = XCBuildConfiguration;
			buildSettings = {
				ASSETCATALOG_COMPILER_APPICON_NAME = AppIcon;
				ASSETCATALOG_COMPILER_GLOBAL_ACCENT_COLOR_NAME = AccentColor;
				CODE_SIGN_STYLE = Automatic;
				CURRENT_PROJECT_VERSION = 1;
				DEVELOPMENT_TEAM = N64BNPUBV4;
				GENERATE_INFOPLIST_FILE = YES;
				INFOPLIST_FILE = testSfera/Resources/Info.plist;
				INFOPLIST_KEY_UIApplicationSupportsIndirectInputEvents = YES;
				INFOPLIST_KEY_UILaunchStoryboardName = LaunchScreen;
				INFOPLIST_KEY_UIMainStoryboardFile = "";
				INFOPLIST_KEY_UISupportedInterfaceOrientations = UIInterfaceOrientationPortrait;
				INFOPLIST_KEY_UISupportedInterfaceOrientations_iPad = "UIInterfaceOrientationLandscapeLeft UIInterfaceOrientationLandscapeRight UIInterfaceOrientationPortraitUpsideDown";
				IPHONEOS_DEPLOYMENT_TARGET = 13.0;
				LD_RUNPATH_SEARCH_PATHS = (
					"$(inherited)",
					"@executable_path/Frameworks",
				);
				MARKETING_VERSION = 1.0;
				PRODUCT_BUNDLE_IDENTIFIER = novex.testSfera;
				PRODUCT_NAME = "$(TARGET_NAME)";
				SUPPORTED_PLATFORMS = "iphoneos iphonesimulator";
				SUPPORTS_MACCATALYST = NO;
				SUPPORTS_MAC_DESIGNED_FOR_IPHONE_IPAD = NO;
				SWIFT_EMIT_LOC_STRINGS = YES;
				SWIFT_VERSION = 5.0;
				TARGETED_DEVICE_FAMILY = 1;
			};
			name = Release;
		};
/* End XCBuildConfiguration section */

/* Begin XCConfigurationList section */
		EBDB97B82934FEB7000683C1 /* Build configuration list for PBXProject "testSfera" */ = {
			isa = XCConfigurationList;
			buildConfigurations = (
				EBDB97CF2934FEB9000683C1 /* Debug */,
				EBDB97D02934FEB9000683C1 /* Release */,
			);
			defaultConfigurationIsVisible = 0;
			defaultConfigurationName = Release;
		};
		EBDB97D12934FEB9000683C1 /* Build configuration list for PBXNativeTarget "testSfera" */ = {
			isa = XCConfigurationList;
			buildConfigurations = (
				EBDB97D22934FEB9000683C1 /* Debug */,
				EBDB97D32934FEB9000683C1 /* Release */,
			);
			defaultConfigurationIsVisible = 0;
			defaultConfigurationName = Release;
		};
/* End XCConfigurationList section */
	};
	rootObject = EBDB97B52934FEB7000683C1 /* Project object */;
}
